{
  "version": 4,
  "terraform_version": "1.14.1",
  "serial": 6,
  "lineage": "01718230-c5e0-c16e-595f-9a7592b1dc92",
  "outputs": {
    "kubernetes_cluster_host": {
      "value": "34.143.163.189",
      "type": "string"
    },
    "kubernetes_cluster_name": {
      "value": "ragops-481207-gke",
      "type": "string"
    },
    "project_id": {
      "value": "ragops-481207",
      "type": "string"
    },
    "region": {
      "value": "asia-southeast1-b",
      "type": "string"
    }
  },
  "resources": [
    {
      "mode": "managed",
      "type": "google_container_cluster",
      "name": "primary",
      "provider": "provider[\"registry.terraform.io/hashicorp/google\"]",
      "instances": [
        {
          "schema_version": 1,
          "attributes": {
            "addons_config": [
              {
                "cloudrun_config": [],
                "config_connector_config": [],
                "dns_cache_config": [],
                "gce_persistent_disk_csi_driver_config": [
                  {
                    "enabled": true
                  }
                ],
                "gcp_filestore_csi_driver_config": [],
                "gcs_fuse_csi_driver_config": [],
                "gke_backup_agent_config": [],
                "horizontal_pod_autoscaling": [],
                "http_load_balancing": [],
                "network_policy_config": [
                  {
                    "disabled": true
                  }
                ]
              }
            ],
            "allow_net_admin": null,
            "authenticator_groups_config": [],
            "binary_authorization": [
              {
                "enabled": false,
                "evaluation_mode": ""
              }
            ],
            "cluster_autoscaling": [
              {
                "auto_provisioning_defaults": [],
                "enabled": false,
                "resource_limits": []
              }
            ],
            "cluster_ipv4_cidr": "10.0.0.0/14",
            "confidential_nodes": [],
            "cost_management_config": [],
            "database_encryption": [
              {
                "key_name": "",
                "state": "DECRYPTED"
              }
            ],
            "datapath_provider": "",
            "default_max_pods_per_node": null,
            "default_snat_status": [
              {
                "disabled": false
              }
            ],
            "description": "",
            "dns_config": [],
            "enable_autopilot": false,
            "enable_binary_authorization": false,
            "enable_intranode_visibility": false,
            "enable_k8s_beta_apis": [],
            "enable_kubernetes_alpha": false,
            "enable_l4_ilb_subsetting": false,
            "enable_legacy_abac": false,
            "enable_shielded_nodes": true,
            "enable_tpu": false,
            "endpoint": "34.143.163.189",
            "gateway_api_config": [],
            "id": "projects/ragops-481207/locations/asia-southeast1-b/clusters/ragops-481207-gke",
            "initial_node_count": 2,
            "ip_allocation_policy": [],
            "label_fingerprint": "a9dc16a7",
            "location": "asia-southeast1-b",
            "logging_config": [
              {
                "enable_components": [
                  "SYSTEM_COMPONENTS",
                  "WORKLOADS"
                ]
              }
            ],
            "logging_service": "logging.googleapis.com/kubernetes",
            "maintenance_policy": [],
            "master_auth": [
              {
                "client_certificate": "",
                "client_certificate_config": [
                  {
                    "issue_client_certificate": false
                  }
                ],
                "client_key": "",
                "cluster_ca_certificate": "LS0tLS1CRUdJTiBDRVJUSUZJQ0FURS0tLS0tCk1JSUVMVENDQXBXZ0F3SUJBZ0lSQUpmUmo4YjVDWXRPaTYzci9WTHJiOHN3RFFZSktvWklodmNOQVFFTEJRQXcKTHpFdE1Dc0dBMVVFQXhNa01XRXdabU01WVdZdE9EVTVNQzAwTkRObExXSXlaV1l0TURrelpEazRZakE0WkdJeQpNQ0FYRFRJMU1USXhOVEEzTWpnek0xb1lEekl3TlRVeE1qQTRNRGd5T0RNeldqQXZNUzB3S3dZRFZRUURFeVF4CllUQm1ZemxoWmkwNE5Ua3dMVFEwTTJVdFlqSmxaaTB3T1ROa09UaGlNRGhrWWpJd2dnR2lNQTBHQ1NxR1NJYjMKRFFFQkFRVUFBNElCandBd2dnR0tBb0lCZ1FDbU9FQjQ3L0E5dUVxRFFaNlFGeUhlODA2ajNZTU5EWnVWRGowVQpOeTUxQkgrUnV1R01PK3JGbzlUbmZKa1NrZ3pacFVkVWU5ZTJJaDFJaVdCTUR3N2RQUFBuZ0VVdmVVd1libm1kCnBNMzRVTmUyRC90Nnd5ZS9oVjNwRWxIaGZrQko0R3NJalNCaUJLWTE2SVRMQ2VNdmhBays3dXhXTWdHY0lGcmEKREx6ZkNOMlBqdDJidmZIVVVqWmkxUjZYTThmT0FtMTJhR2lEUUtNQUo5VGxtd1RRRk8rZ0E4cVFMTmhsS25scgpyT2NXanpYbjd4cTVManIvRmgwc0JMbWc1RmZsSVJpZXY4eHdJNlFBS25QaXhlUFUzYTM1SGsxMVZSeXZDdmRPCnphRng2TkhrWnB0VnF4a05MU3A5aS9CQzRnTGtBeUY2KzBxQmlKRTdBYnRmQlRULzJ1b2dJaTRGc0xWVElWQnEKRHpnVDBKRDVOUm52dnA3YzhWQzdPK2VNUkhKKzdkdjZzaDNWTlJHZ2Rnc0NNUWVpVzVwNEozemRNYVMrUTdDUwpJRW9kOTV6NGZVTTlkb0tBKzJkQUFzSndZa0d4MmtyUS8xQ3JxQmJBWFJEQWovSWdqU1d5MlhuUnVabDVOQ2RXCkxqd0NTRWZMdzlkWmVRS0dQenpCSUdEV2JsY0NBd0VBQWFOQ01FQXdEZ1lEVlIwUEFRSC9CQVFEQWdJRU1BOEcKQTFVZEV3RUIvd1FGTUFNQkFmOHdIUVlEVlIwT0JCWUVGR1Q2VzhsT1ZQK2NLSmJDak1CZzBjb2ZwQmZXTUEwRwpDU3FHU0liM0RRRUJDd1VBQTRJQmdRQXRVd2dVQ29uYXJLUXNUQWxoM1NkTXpFS0g5bkZmSTdmZ1pIY0xnaGpRCkhrOVNRSkxvazE3dXd0UjV0aHBYaERSM0k4UFRUVklKSDZMNTZFQ1ZTQzZxdytUSTR2SmVYcHhJYk0rZmFQN3oKQWdYVTN2amNndS9CSUdDV1FqUFZ4WkxPZHpBVFZIOWtaN0lmMC9WSU9VNERLYUhFaXRKRW01MzZkbW1wVU9CVAoybGtLSkk2ZWovQ0REM0E5QVdlWEQ5TUFPZlJST3JGeW51aDZWcmpLT2VkSUFQcW9NUG9zNFhwa3Frbk1maXEwCjdtQ2ZoWnVoalJ5UDJKQ3RnaFhqL1lEN1BQa08wQXRSZGFFQ3k4NTlWZkswSXdRZHF1TkQwQVp5WjFISlpWaDkKRmJjNk96VE5XeDkyZTNyN1ZlNE45bGgxbDU0NWVqZTJ2blo3dURkQnF5TmNHcEpKamhZNHFMQ3NQNVE2RkZLNwoyYVlZb3dlWjdXMjhHUkh1VFQ1bW5ESUkreHZnS2VYN0w2R3ZBR0F3MG8rYnRlSnFNVmdCL1dnUGY0MjFkRFRHClc2Z1AxS3RiMW1pSE5ac3lkTGx4QTdldVdSRFdwVTJBd0lsaUZSM2lROUNoNU9TdkJBOGc3VFpzY2lDeEhrbWMKb3Z6T0lRUFRVUDU0bi9FUWl1ZnpHb1k9Ci0tLS0tRU5EIENFUlRJRklDQVRFLS0tLS0K"
              }
            ],
            "master_authorized_networks_config": [],
            "master_version": "1.33.5-gke.1308000",
            "mesh_certificates": [],
            "min_master_version": null,
            "monitoring_config": [
              {
                "advanced_datapath_observability_config": [
                  {
                    "enable_metrics": false,
                    "relay_mode": ""
                  }
                ],
                "enable_components": [
                  "SYSTEM_COMPONENTS",
                  "HPA",
                  "POD",
                  "DAEMONSET",
                  "DEPLOYMENT",
                  "STATEFULSET",
                  "JOBSET",
                  "STORAGE",
                  "CADVISOR",
                  "KUBELET",
                  "DCGM"
                ],
                "managed_prometheus": [
                  {
                    "enabled": true
                  }
                ]
              }
            ],
            "monitoring_service": "monitoring.googleapis.com/kubernetes",
            "name": "ragops-481207-gke",
            "network": "projects/ragops-481207/global/networks/default",
            "network_policy": [
              {
                "enabled": false,
                "provider": "PROVIDER_UNSPECIFIED"
              }
            ],
            "networking_mode": "ROUTES",
            "node_config": [
              {
                "advanced_machine_features": [],
                "boot_disk_kms_key": "",
                "disk_size_gb": 30,
                "disk_type": "pd-balanced",
                "ephemeral_storage_local_ssd_config": [],
                "gcfs_config": [],
                "guest_accelerator": [],
                "gvnic": [],
                "host_maintenance_policy": [],
                "image_type": "COS_CONTAINERD",
                "kubelet_config": [
                  {
                    "cpu_cfs_quota": false,
                    "cpu_cfs_quota_period": "",
                    "cpu_manager_policy": "",
                    "pod_pids_limit": 0
                  }
                ],
                "labels": {},
                "linux_node_config": [],
                "local_nvme_ssd_block_config": [],
                "local_ssd_count": 0,
                "logging_variant": "DEFAULT",
                "machine_type": "e2-highmem-2",
                "metadata": {
                  "disable-legacy-endpoints": "true"
                },
                "min_cpu_platform": "",
                "node_group": "",
                "oauth_scopes": [
                  "https://www.googleapis.com/auth/devstorage.read_only",
                  "https://www.googleapis.com/auth/logging.write",
                  "https://www.googleapis.com/auth/monitoring",
                  "https://www.googleapis.com/auth/service.management.readonly",
                  "https://www.googleapis.com/auth/servicecontrol",
                  "https://www.googleapis.com/auth/trace.append"
                ],
                "preemptible": false,
                "reservation_affinity": [],
                "resource_labels": {
                  "goog-gke-node-pool-provisioning-model": "on-demand"
                },
                "service_account": "default",
                "shielded_instance_config": [
                  {
                    "enable_integrity_monitoring": true,
                    "enable_secure_boot": false
                  }
                ],
                "sole_tenant_config": [],
                "spot": false,
                "tags": null,
                "taint": [],
                "workload_metadata_config": []
              }
            ],
            "node_locations": [],
            "node_pool": [
              {
                "autoscaling": [],
                "initial_node_count": 2,
                "instance_group_urls": [
                  "https://www.googleapis.com/compute/v1/projects/ragops-481207/zones/asia-southeast1-b/instanceGroupManagers/gke-ragops-481207-gke-default-pool-2b401bec-grp"
                ],
                "managed_instance_group_urls": [
                  "https://www.googleapis.com/compute/v1/projects/ragops-481207/zones/asia-southeast1-b/instanceGroups/gke-ragops-481207-gke-default-pool-2b401bec-grp"
                ],
                "management": [
                  {
                    "auto_repair": true,
                    "auto_upgrade": true
                  }
                ],
                "max_pods_per_node": 0,
                "name": "default-pool",
                "name_prefix": "",
                "network_config": [],
                "node_config": [
                  {
                    "advanced_machine_features": [],
                    "boot_disk_kms_key": "",
                    "disk_size_gb": 30,
                    "disk_type": "pd-balanced",
                    "ephemeral_storage_local_ssd_config": [],
                    "gcfs_config": [],
                    "guest_accelerator": [],
                    "gvnic": [],
                    "host_maintenance_policy": [],
                    "image_type": "COS_CONTAINERD",
                    "kubelet_config": [
                      {
                        "cpu_cfs_quota": false,
                        "cpu_cfs_quota_period": "",
                        "cpu_manager_policy": "",
                        "pod_pids_limit": 0
                      }
                    ],
                    "labels": {},
                    "linux_node_config": [],
                    "local_nvme_ssd_block_config": [],
                    "local_ssd_count": 0,
                    "logging_variant": "DEFAULT",
                    "machine_type": "e2-highmem-2",
                    "metadata": {
                      "disable-legacy-endpoints": "true"
                    },
                    "min_cpu_platform": "",
                    "node_group": "",
                    "oauth_scopes": [
                      "https://www.googleapis.com/auth/devstorage.read_only",
                      "https://www.googleapis.com/auth/logging.write",
                      "https://www.googleapis.com/auth/monitoring",
                      "https://www.googleapis.com/auth/service.management.readonly",
                      "https://www.googleapis.com/auth/servicecontrol",
                      "https://www.googleapis.com/auth/trace.append"
                    ],
                    "preemptible": false,
                    "reservation_affinity": [],
                    "resource_labels": {
                      "goog-gke-node-pool-provisioning-model": "on-demand"
                    },
                    "service_account": "default",
                    "shielded_instance_config": [
                      {
                        "enable_integrity_monitoring": true,
                        "enable_secure_boot": false
                      }
                    ],
                    "sole_tenant_config": [],
                    "spot": false,
                    "tags": [],
                    "taint": [],
                    "workload_metadata_config": []
                  }
                ],
                "node_count": 2,
                "node_locations": [
                  "asia-southeast1-b"
                ],
                "placement_policy": [],
                "upgrade_settings": [
                  {
                    "blue_green_settings": [],
                    "max_surge": 1,
                    "max_unavailable": 0,
                    "strategy": "SURGE"
                  }
                ],
                "version": "1.33.5-gke.1308000"
              }
            ],
            "node_pool_defaults": [
              {
                "node_config_defaults": [
                  {
                    "logging_variant": "DEFAULT"
                  }
                ]
              }
            ],
            "node_version": "1.33.5-gke.1308000",
            "notification_config": [
              {
                "pubsub": [
                  {
                    "enabled": false,
                    "filter": [],
                    "topic": ""
                  }
                ]
              }
            ],
            "operation": null,
            "private_cluster_config": [
              {
                "enable_private_endpoint": false,
                "enable_private_nodes": false,
                "master_global_access_config": [
                  {
                    "enabled": false
                  }
                ],
                "master_ipv4_cidr_block": "",
                "peering_name": "",
                "private_endpoint": "10.148.0.6",
                "private_endpoint_subnetwork": "",
                "public_endpoint": "34.143.163.189"
              }
            ],
            "private_ipv6_google_access": "",
            "project": "ragops-481207",
            "release_channel": [
              {
                "channel": "REGULAR"
              }
            ],
            "remove_default_node_pool": null,
            "resource_labels": null,
            "resource_usage_export_config": [],
            "security_posture_config": [
              {
                "mode": "BASIC",
                "vulnerability_mode": "VULNERABILITY_MODE_UNSPECIFIED"
              }
            ],
            "self_link": "https://container.googleapis.com/v1/projects/ragops-481207/zones/asia-southeast1-b/clusters/ragops-481207-gke",
            "service_external_ips_config": [
              {
                "enabled": false
              }
            ],
            "services_ipv4_cidr": "10.3.240.0/20",
            "subnetwork": "projects/ragops-481207/regions/asia-southeast1/subnetworks/default",
            "timeouts": null,
            "tpu_ipv4_cidr_block": "",
            "vertical_pod_autoscaling": [],
            "workload_identity_config": []
          },
          "sensitive_attributes": [
            [
              {
                "type": "get_attr",
                "value": "master_auth"
              },
              {
                "type": "index",
                "value": {
                  "value": 0,
                  "type": "number"
                }
              },
              {
                "type": "get_attr",
                "value": "client_key"
              }
            ]
          ],
          "identity_schema_version": 0,
          "private": "eyJlMmJmYjczMC1lY2FhLTExZTYtOGY4OC0zNDM2M2JjN2M0YzAiOnsiY3JlYXRlIjoyNDAwMDAwMDAwMDAwLCJkZWxldGUiOjI0MDAwMDAwMDAwMDAsInJlYWQiOjI0MDAwMDAwMDAwMDAsInVwZGF0ZSI6MzYwMDAwMDAwMDAwMH0sInNjaGVtYV92ZXJzaW9uIjoiMSJ9"
        }
      ]
    }
  ],
  "check_results": null
}
